
Microsoft Visual Studio Solution File, Format Version 12.00
# Visual Studio Version 17
VisualStudioVersion = 17.11.35312.102
MinimumVisualStudioVersion = 10.0.40219.1
Project("{FAE04EC0-301F-11D3-BF4B-00C04F79EFBC}") = "ArashiDNS.M3", "ArashiDNS.M3\ArashiDNS.M3.csproj", "{6C08F734-3E50-402F-87E6-0E96F5D53CDA}"
EndProject
Global
	GlobalSection(SolutionConfigurationPlatforms) = preSolution
		Debug|Any CPU = Debug|Any CPU
		Release|Any CPU = Release|Any CPU
	EndGlobalSection
	GlobalSection(ProjectConfigurationPlatforms) = postSolution
		{6C08F734-3E50-402F-87E6-0E96F5D53CDA}.Debug|Any CPU.ActiveCfg = Debug|Any CPU
		{6C08F734-3E50-402F-87E6-0E96F5D53CDA}.Debug|Any CPU.Build.0 = Debug|Any CPU
		{6C08F734-3E50-402F-87E6-0E96F5D53CDA}.Release|Any CPU.ActiveCfg = Release|Any CPU
		{6C08F734-3E50-402F-87E6-0E96F5D53CDA}.Release|Any CPU.Build.0 = Release|Any CPU
	EndGlobalSection
	GlobalSection(SolutionProperties) = preSolution
		HideSolutionNode = FALSE
	EndGlobalSection
	GlobalSection(ExtensibilityGlobals) = postSolution
		SolutionGuid = {D033F0A2-B4BA-4DDE-89F3-8E9F4F1F54DB}
	EndGlobalSection
EndGlobal
